
Microsoft Visual Studio Solution File, Format Version 12.00
# Visual Studio Version 17
VisualStudioVersion = 17.12.35527.113 d17.12
MinimumVisualStudioVersion = 10.0.40219.1
Project("{FAE04EC0-301F-11D3-BF4B-00C04F79EFBC}") = "tour_api", "tour_api\tour_api.csproj", "{D78B2444-F38C-48E6-AF3A-0AAF0AF3E951}"
EndProject
Project("{FAE04EC0-301F-11D3-BF4B-00C04F79EFBC}") = "tour_client", "tour_client\tour_client.csproj", "{79059D9B-2E3B-4749-8730-C3D78FF4B95C}"
EndProject
Global
	GlobalSection(SolutionConfigurationPlatforms) = preSolution
		Debug|Any CPU = Debug|Any CPU
		Release|Any CPU = Release|Any CPU
	EndGlobalSection
	GlobalSection(ProjectConfigurationPlatforms) = postSolution
		{D78B2444-F38C-48E6-AF3A-0AAF0AF3E951}.Debug|Any CPU.ActiveCfg = Debug|Any CPU
		{D78B2444-F38C-48E6-AF3A-0AAF0AF3E951}.Debug|Any CPU.Build.0 = Debug|Any CPU
		{D78B2444-F38C-48E6-AF3A-0AAF0AF3E951}.Release|Any CPU.ActiveCfg = Release|Any CPU
		{D78B2444-F38C-48E6-AF3A-0AAF0AF3E951}.Release|Any CPU.Build.0 = Release|Any CPU
		{79059D9B-2E3B-4749-8730-C3D78FF4B95C}.Debug|Any CPU.ActiveCfg = Debug|Any CPU
		{79059D9B-2E3B-4749-8730-C3D78FF4B95C}.Debug|Any CPU.Build.0 = Debug|Any CPU
		{79059D9B-2E3B-4749-8730-C3D78FF4B95C}.Release|Any CPU.ActiveCfg = Release|Any CPU
		{79059D9B-2E3B-4749-8730-C3D78FF4B95C}.Release|Any CPU.Build.0 = Release|Any CPU
	EndGlobalSection
	GlobalSection(SolutionProperties) = preSolution
		HideSolutionNode = FALSE
	EndGlobalSection
EndGlobal
